
Microsoft Visual Studio Solution File, Format Version 12.00
# Visual Studio Version 16
VisualStudioVersion = 16.0.31613.86
MinimumVisualStudioVersion = 10.0.40219.1
Project("{FAE04EC0-301F-11D3-BF4B-00C04F79EFBC}") = "Viikko 2 Tehtävä 4", "Viikko 2 Tehtävä 4\Viikko 2 Tehtävä 4.csproj", "{336F3C3E-464F-4782-99FD-167C5F9D40B6}"
EndProject
Global
	GlobalSection(SolutionConfigurationPlatforms) = preSolution
		Debug|Any CPU = Debug|Any CPU
		Release|Any CPU = Release|Any CPU
	EndGlobalSection
	GlobalSection(ProjectConfigurationPlatforms) = postSolution
		{336F3C3E-464F-4782-99FD-167C5F9D40B6}.Debug|Any CPU.ActiveCfg = Debug|Any CPU
		{336F3C3E-464F-4782-99FD-167C5F9D40B6}.Debug|Any CPU.Build.0 = Debug|Any CPU
		{336F3C3E-464F-4782-99FD-167C5F9D40B6}.Release|Any CPU.ActiveCfg = Release|Any CPU
		{336F3C3E-464F-4782-99FD-167C5F9D40B6}.Release|Any CPU.Build.0 = Release|Any CPU
	EndGlobalSection
	GlobalSection(SolutionProperties) = preSolution
		HideSolutionNode = FALSE
	EndGlobalSection
	GlobalSection(ExtensibilityGlobals) = postSolution
		SolutionGuid = {DCD6C2A6-F92B-4B3E-8845-D2E60619E888}
	EndGlobalSection
EndGlobal
